
Microsoft Visual Studio Solution File, Format Version 12.00
# Visual Studio Version 17
VisualStudioVersion = 17.7.34202.233
MinimumVisualStudioVersion = 10.0.40219.1
Project("{9A19103F-16F7-4668-BE54-9A1E7A4F7556}") = "DemoTDD", "DemoTDD\DemoTDD.csproj", "{22E9A93B-5DD2-449C-AF7A-1D900840489D}"
EndProject
Project("{9A19103F-16F7-4668-BE54-9A1E7A4F7556}") = "Test.DemoTDD", "Test.DemoTDD\Test.DemoTDD.csproj", "{005337E6-9BDF-43F7-BD57-E88FB159F381}"
EndProject
Project("{FAE04EC0-301F-11D3-BF4B-00C04F79EFBC}") = "LogErrorWebApi", "LogErrorWebApi\LogErrorWebApi.csproj", "{27E89509-4E5C-4B86-9349-9318F9B437DA}"
EndProject
Global
	GlobalSection(SolutionConfigurationPlatforms) = preSolution
		Debug|Any CPU = Debug|Any CPU
		Release|Any CPU = Release|Any CPU
	EndGlobalSection
	GlobalSection(ProjectConfigurationPlatforms) = postSolution
		{22E9A93B-5DD2-449C-AF7A-1D900840489D}.Debug|Any CPU.ActiveCfg = Debug|Any CPU
		{22E9A93B-5DD2-449C-AF7A-1D900840489D}.Debug|Any CPU.Build.0 = Debug|Any CPU
		{22E9A93B-5DD2-449C-AF7A-1D900840489D}.Release|Any CPU.ActiveCfg = Release|Any CPU
		{22E9A93B-5DD2-449C-AF7A-1D900840489D}.Release|Any CPU.Build.0 = Release|Any CPU
		{005337E6-9BDF-43F7-BD57-E88FB159F381}.Debug|Any CPU.ActiveCfg = Debug|Any CPU
		{005337E6-9BDF-43F7-BD57-E88FB159F381}.Debug|Any CPU.Build.0 = Debug|Any CPU
		{005337E6-9BDF-43F7-BD57-E88FB159F381}.Release|Any CPU.ActiveCfg = Release|Any CPU
		{005337E6-9BDF-43F7-BD57-E88FB159F381}.Release|Any CPU.Build.0 = Release|Any CPU
		{27E89509-4E5C-4B86-9349-9318F9B437DA}.Debug|Any CPU.ActiveCfg = Debug|Any CPU
		{27E89509-4E5C-4B86-9349-9318F9B437DA}.Debug|Any CPU.Build.0 = Debug|Any CPU
		{27E89509-4E5C-4B86-9349-9318F9B437DA}.Release|Any CPU.ActiveCfg = Release|Any CPU
		{27E89509-4E5C-4B86-9349-9318F9B437DA}.Release|Any CPU.Build.0 = Release|Any CPU
	EndGlobalSection
	GlobalSection(SolutionProperties) = preSolution
		HideSolutionNode = FALSE
	EndGlobalSection
	GlobalSection(ExtensibilityGlobals) = postSolution
		SolutionGuid = {2614541A-AAC1-42B5-A3E5-B054BBD4DED3}
	EndGlobalSection
EndGlobal
